
Microsoft Visual Studio Solution File, Format Version 12.00
# Visual Studio Version 17
VisualStudioVersion = 17.8.34330.188
MinimumVisualStudioVersion = 10.0.40219.1
Project("{FAE04EC0-301F-11D3-BF4B-00C04F79EFBC}") = "Music Player App", "Music Player App.csproj", "{0B83D550-AA53-41B4-9067-069E93435DD2}"
EndProject
Global
	GlobalSection(SolutionConfigurationPlatforms) = preSolution
		Debug|Any CPU = Debug|Any CPU
		Release|Any CPU = Release|Any CPU
	EndGlobalSection
	GlobalSection(ProjectConfigurationPlatforms) = postSolution
		{0B83D550-AA53-41B4-9067-069E93435DD2}.Debug|Any CPU.ActiveCfg = Debug|Any CPU
		{0B83D550-AA53-41B4-9067-069E93435DD2}.Debug|Any CPU.Build.0 = Debug|Any CPU
		{0B83D550-AA53-41B4-9067-069E93435DD2}.Release|Any CPU.ActiveCfg = Release|Any CPU
		{0B83D550-AA53-41B4-9067-069E93435DD2}.Release|Any CPU.Build.0 = Release|Any CPU
	EndGlobalSection
	GlobalSection(SolutionProperties) = preSolution
		HideSolutionNode = FALSE
	EndGlobalSection
	GlobalSection(ExtensibilityGlobals) = postSolution
		SolutionGuid = {964A8392-7379-4AC7-8CFC-0681E66D7436}
	EndGlobalSection
EndGlobal
